
Microsoft Visual Studio Solution File, Format Version 12.00
# Visual Studio Version 17
VisualStudioVersion = 17.8.34316.72
MinimumVisualStudioVersion = 10.0.40219.1
Project("{FAE04EC0-301F-11D3-BF4B-00C04F79EFBC}") = "ProjetoAula04", "ProjetoAula04\ProjetoAula04.csproj", "{E99ADBE3-5434-4B3A-A560-39B070A48B58}"
EndProject
Global
	GlobalSection(SolutionConfigurationPlatforms) = preSolution
		Debug|Any CPU = Debug|Any CPU
		Release|Any CPU = Release|Any CPU
	EndGlobalSection
	GlobalSection(ProjectConfigurationPlatforms) = postSolution
		{E99ADBE3-5434-4B3A-A560-39B070A48B58}.Debug|Any CPU.ActiveCfg = Debug|Any CPU
		{E99ADBE3-5434-4B3A-A560-39B070A48B58}.Debug|Any CPU.Build.0 = Debug|Any CPU
		{E99ADBE3-5434-4B3A-A560-39B070A48B58}.Release|Any CPU.ActiveCfg = Release|Any CPU
		{E99ADBE3-5434-4B3A-A560-39B070A48B58}.Release|Any CPU.Build.0 = Release|Any CPU
	EndGlobalSection
	GlobalSection(SolutionProperties) = preSolution
		HideSolutionNode = FALSE
	EndGlobalSection
	GlobalSection(ExtensibilityGlobals) = postSolution
		SolutionGuid = {058C1185-041E-4C7E-BB5C-024DBE41EDA7}
	EndGlobalSection
EndGlobal
